
Microsoft Visual Studio Solution File, Format Version 12.00
# Visual Studio Version 17
VisualStudioVersion = 17.6.33815.320
MinimumVisualStudioVersion = 10.0.40219.1
Project("{9A19103F-16F7-4668-BE54-9A1E7A4F7556}") = "CaptoneBEMovie", "CaptoneBEMovie.csproj", "{3E8C3CC2-DBCD-4048-888B-DA026D2A4AAF}"
EndProject
Global
	GlobalSection(SolutionConfigurationPlatforms) = preSolution
		Debug|Any CPU = Debug|Any CPU
		Release|Any CPU = Release|Any CPU
	EndGlobalSection
	GlobalSection(ProjectConfigurationPlatforms) = postSolution
		{3E8C3CC2-DBCD-4048-888B-DA026D2A4AAF}.Debug|Any CPU.ActiveCfg = Debug|Any CPU
		{3E8C3CC2-DBCD-4048-888B-DA026D2A4AAF}.Debug|Any CPU.Build.0 = Debug|Any CPU
		{3E8C3CC2-DBCD-4048-888B-DA026D2A4AAF}.Release|Any CPU.ActiveCfg = Release|Any CPU
		{3E8C3CC2-DBCD-4048-888B-DA026D2A4AAF}.Release|Any CPU.Build.0 = Release|Any CPU
	EndGlobalSection
	GlobalSection(SolutionProperties) = preSolution
		HideSolutionNode = FALSE
	EndGlobalSection
	GlobalSection(ExtensibilityGlobals) = postSolution
		SolutionGuid = {058B9F5F-CC39-4A08-BC1B-EA5BB2456289}
	EndGlobalSection
EndGlobal
